{
  "name": "jev-router-workspace",
  "version": "0.1.0",
  "lockfileVersion": 3,
  "requires": true,
  "packages": {
    "": {
      "name": "jev-router-workspace",
      "version": "0.1.0",
      "workspaces": [
        "packages/*",
        "adapters/*",
        "apps/*"
      ],
      "devDependencies": {
        "@types/node": "^24.0.0",
        "typescript": "^5.9.0"
      },
      "engines": {
        "node": ">=20.12"
      }
    },
    "adapters/codex": {
      "name": "@jev-router/adapter-codex",
      "version": "0.1.0",
      "dependencies": {
        "@jev-router/core": "0.1.0",
        "@jev-router/provider-typesafe": "0.1.0"
      }
    },
    "apps/jev-cli": {
      "name": "@jev-router/cli",
      "version": "0.1.0",
      "dependencies": {
        "@jev-router/adapter-codex": "0.1.0",
        "@jev-router/config": "0.1.0",
        "@jev-router/core": "0.1.0",
        "@jev-router/mcp": "0.1.0",
        "@jev-router/provider-deepseek": "0.1.0",
        "@jev-router/provider-local": "0.1.0",
        "@jev-router/provider-openai": "0.1.0",
        "@jev-router/provider-typesafe": "0.1.0"
      },
      "bin": {
        "jev": "dist/index.js",
        "jev-codex": "dist/index.js"
      }
    },
    "node_modules/@jev-router/adapter-codex": {
      "resolved": "adapters/codex",
      "link": true
    },
    "node_modules/@jev-router/cli": {
      "resolved": "apps/jev-cli",
      "link": true
    },
    "node_modules/@jev-router/config": {
      "resolved": "packages/config",
      "link": true
    },
    "node_modules/@jev-router/core": {
      "resolved": "packages/core",
      "link": true
    },
    "node_modules/@jev-router/mcp": {
      "resolved": "packages/mcp",
      "link": true
    },
    "node_modules/@jev-router/provider-deepseek": {
      "resolved": "packages/provider-deepseek",
      "link": true
    },
    "node_modules/@jev-router/provider-local": {
      "resolved": "packages/provider-local",
      "link": true
    },
    "node_modules/@jev-router/provider-openai": {
      "resolved": "packages/provider-openai",
      "link": true
    },
    "node_modules/@jev-router/provider-typesafe": {
      "resolved": "packages/provider-typesafe",
      "link": true
    },
    "node_modules/@types/node": {
      "version": "24.13.6",
      "resolved": "https://registry.npmmirror.com/@types/node/-/node-24.13.6.tgz",
      "integrity": "sha512-SGrw/h3KPFshy3OE6ZL53LMBG5vGQQ8/gIpiqz/kRZhPJ7HgwCEs8LBuNtWLa8dvGZVpSF7+Bf+c11HUrCb/yg==",
      "dev": true,
      "license": "MIT",
      "dependencies": {
        "undici-types": "~7.18.0"
      }
    },
    "node_modules/dotenv": {
      "version": "17.4.2",
      "resolved": "https://registry.npmmirror.com/dotenv/-/dotenv-17.4.2.tgz",
      "integrity": "sha512-nI4U3TottKAcAD9LLud4Cb7b2QztQMUEfHbvhTH09bqXTxnSie8WnjPALV/WMCrJZ6UV/qHJ6L03OqO3LcdYZw==",
      "license": "BSD-2-Clause",
      "engines": {
        "node": ">=12"
      },
      "funding": {
        "url": "https://dotenvx.com"
      }
    },
    "node_modules/typescript": {
      "version": "5.9.3",
      "resolved": "https://registry.npmmirror.com/typescript/-/typescript-5.9.3.tgz",
      "integrity": "sha512-jl1vZzPDinLr9eUt3J/t7V6FgNEw9QjvBPdysz9KfQDD41fQrC2Y4vKQdiaUpFT4bXlb1RHhLpp8wtm6M5TgSw==",
      "dev": true,
      "license": "Apache-2.0",
      "bin": {
        "tsc": "bin/tsc",
        "tsserver": "bin/tsserver"
      },
      "engines": {
        "node": ">=14.17"
      }
    },
    "node_modules/undici-types": {
      "version": "7.18.2",
      "resolved": "https://registry.npmmirror.com/undici-types/-/undici-types-7.18.2.tgz",
      "integrity": "sha512-AsuCzffGHJybSaRrmr5eHr81mwJU3kjw6M+uprWvCXiNeN9SOGwQ3Jn8jb8m3Z6izVgknn1R0FTCEAP2QrLY/w==",
      "dev": true,
      "license": "MIT"
    },
    "packages/config": {
      "name": "@jev-router/config",
      "version": "0.1.0",
      "dependencies": {
        "dotenv": "^17.4.2"
      }
    },
    "packages/core": {
      "name": "@jev-router/core",
      "version": "0.1.0"
    },
    "packages/mcp": {
      "name": "@jev-router/mcp",
      "version": "0.1.0",
      "dependencies": {
        "@jev-router/config": "0.1.0",
        "@jev-router/core": "0.1.0"
      }
    },
    "packages/provider-deepseek": {
      "name": "@jev-router/provider-deepseek",
      "version": "0.1.0"
    },
    "packages/provider-local": {
      "name": "@jev-router/provider-local",
      "version": "0.1.0",
      "dependencies": {
        "@jev-router/core": "0.1.0"
      }
    },
    "packages/provider-openai": {
      "name": "@jev-router/provider-openai",
      "version": "0.1.0",
      "dependencies": {
        "@jev-router/core": "0.1.0"
      }
    },
    "packages/provider-typesafe": {
      "name": "@jev-router/provider-typesafe",
      "version": "0.1.0",
      "dependencies": {
        "@jev-router/core": "0.1.0"
      }
    }
  }
}
